// !$*UTF8*$!
{
	archiveVersion = 1;
	classes = {
	};
	objectVersion = 77;
	objects = {

/* Begin PBXContainerItemProxy section */
		AC14E9B72CBDB85300A347D3 /* PBXContainerItemProxy */ = {
			isa = PBXContainerItemProxy;
			containerPortal = AC14E99E2CBDB85100A347D3 /* Project object */;
			proxyType = 1;
			remoteGlobalIDString = AC14E9A52CBDB85100A347D3;
			remoteInfo = TriviaGame;
		};
		AC14E9C12CBDB85300A347D3 /* PBXContainerItemProxy */ = {
			isa = PBXContainerItemProxy;
			containerPortal = AC14E99E2CBDB85100A347D3 /* Project object */;
			proxyType = 1;
			remoteGlobalIDString = AC14E9A52CBDB85100A347D3;
			remoteInfo = TriviaGame;
		};
/* End PBXContainerItemProxy section */

/* Begin PBXFileReference section */
		AC14E9A62CBDB85100A347D3 /* TriviaGame.app */ = {isa = PBXFileReference; explicitFileType = wrapper.application; includeInIndex = 0; path = TriviaGame.app; sourceTree = BUILT_PRODUCTS_DIR; };
		AC14E9B62CBDB85300A347D3 /* TriviaGameTests.xctest */ = {isa = PBXFileReference; explicitFileType = wrapper.cfbundle; includeInIndex = 0; path = TriviaGameTests.xctest; sourceTree = BUILT_PRODUCTS_DIR; };
		AC14E9C02CBDB85300A347D3 /* TriviaGameUITests.xctest */ = {isa = PBXFileReference; explicitFileType = wrapper.cfbundle; includeInIndex = 0; path = TriviaGameUITests.xctest; sourceTree = BUILT_PRODUCTS_DIR; };
/* End PBXFileReference section */

/* Begin PBXFileSystemSynchronizedRootGroup section */
		AC14E9A82CBDB85100A347D3 /* TriviaGame */ = {
			isa = PBXFileSystemSynchronizedRootGroup;
			path = TriviaGame;
			sourceTree = "<group>";
		};
		AC14E9B92CBDB85300A347D3 /* TriviaGameTests */ = {
			isa = PBXFileSystemSynchronizedRootGroup;
			path = TriviaGameTests;
			sourceTree = "<group>";
		};
		AC14E9C32CBDB85300A347D3 /* TriviaGameUITests */ = {
			isa = PBXFileSystemSynchronizedRootGroup;
			path = TriviaGameUITests;
			sourceTree = "<group>";
		};
/* End PBXFileSystemSynchronizedRootGroup section */

/* Begin PBXFrameworksBuildPhase section */
		AC14E9A32CBDB85100A347D3 /* Frameworks */ = {
			isa = PBXFrameworksBuildPhase;
			buildActionMask = 2147483647;
			files = (
			);
			runOnlyForDeploymentPostprocessing = 0;
		};
		AC14E9B32CBDB85300A347D3 /* Frameworks */ = {
			isa = PBXFrameworksBuildPhase;
			buildActionMask = 2147483647;
			files = (
			);
			runOnlyForDeploymentPostprocessing = 0;
		};
		AC14E9BD2CBDB85300A347D3 /* Frameworks */ = {
			isa = PBXFrameworksBuildPhase;
			buildActionMask = 2147483647;
			files = (
			);
			runOnlyForDeploymentPostprocessing = 0;
		};
/* End PBXFrameworksBuildPhase section */

/* Begin PBXGroup section */
		AC14E99D2CBDB85100A347D3 = {
			isa = PBXGroup;
			children = (
				AC14E9A82CBDB85100A347D3 /* TriviaGame */,
				AC14E9B92CBDB85300A347D3 /* TriviaGameTests */,
				AC14E9C32CBDB85300A347D3 /* TriviaGameUITests */,
				AC14E9A72CBDB85100A347D3 /* Products */,
			);
			sourceTree = "<group>";
		};
		AC14E9A72CBDB85100A347D3 /* Products */ = {
			isa = PBXGroup;
			children = (
				AC14E9A62CBDB85100A347D3 /* TriviaGame.app */,
				AC14E9B62CBDB85300A347D3 /* TriviaGameTests.xctest */,
				AC14E9C02CBDB85300A347D3 /* TriviaGameUITests.xctest */,
			);
			name = Products;
			sourceTree = "<group>";
		};
/* End PBXGroup section */

/* Begin PBXNativeTarget section */
		AC14E9A52CBDB85100A347D3 /* TriviaGame */ = {
			isa = PBXNativeTarget;
			buildConfigurationList = AC14E9CA2CBDB85300A347D3 /* Build configuration list for PBXNativeTarget "TriviaGame" */;
			buildPhases = (
				AC14E9A22CBDB85100A347D3 /* Sources */,
				AC14E9A32CBDB85100A347D3 /* Frameworks */,
				AC14E9A42CBDB85100A347D3 /* Resources */,
			);
			buildRules = (
			);
			dependencies = (
			);
			fileSystemSynchronizedGroups = (
				AC14E9A82CBDB85100A347D3 /* TriviaGame */,
			);
			name = TriviaGame;
			packageProductDependencies = (
			);
			productName = TriviaGame;
			productReference = AC14E9A62CBDB85100A347D3 /* TriviaGame.app */;
			productType = "com.apple.product-type.application";
		};
		AC14E9B52CBDB85300A347D3 /* TriviaGameTests */ = {
			isa = PBXNativeTarget;
			buildConfigurationList = AC14E9CD2CBDB85300A347D3 /* Build configuration list for PBXNativeTarget "TriviaGameTests" */;
			buildPhases = (
				AC14E9B22CBDB85300A347D3 /* Sources */,
				AC14E9B32CBDB85300A347D3 /* Frameworks */,
				AC14E9B42CBDB85300A347D3 /* Resources */,
			);
			buildRules = (
			);
			dependencies = (
				AC14E9B82CBDB85300A347D3 /* PBXTargetDependency */,
			);
			fileSystemSynchronizedGroups = (
				AC14E9B92CBDB85300A347D3 /* TriviaGameTests */,
			);
			name = TriviaGameTests;
			packageProductDependencies = (
			);
			productName = TriviaGameTests;
			productReference = AC14E9B62CBDB85300A347D3 /* TriviaGameTests.xctest */;
			productType = "com.apple.product-type.bundle.unit-test";
		};
		AC14E9BF2CBDB85300A347D3 /* TriviaGameUITests */ = {
			isa = PBXNativeTarget;
			buildConfigurationList = AC14E9D02CBDB85300A347D3 /* Build configuration list for PBXNativeTarget "TriviaGameUITests" */;
			buildPhases = (
				AC14E9BC2CBDB85300A347D3 /* Sources */,
				AC14E9BD2CBDB85300A347D3 /* Frameworks */,
				AC14E9BE2CBDB85300A347D3 /* Resources */,
			);
			buildRules = (
			);
			dependencies = (
				AC14E9C22CBDB85300A347D3 /* PBXTargetDependency */,
			);
			fileSystemSynchronizedGroups = (
				AC14E9C32CBDB85300A347D3 /* TriviaGameUITests */,
			);
			name = TriviaGameUITests;
			packageProductDependencies = (
			);
			productName = TriviaGameUITests;
			productReference = AC14E9C02CBDB85300A347D3 /* TriviaGameUITests.xctest */;
			productType = "com.apple.product-type.bundle.ui-testing";
		};
/* End PBXNativeTarget section */

/* Begin PBXProject section */
		AC14E99E2CBDB85100A347D3 /* Project object */ = {
			isa = PBXProject;
			attributes = {
				BuildIndependentTargetsInParallel = 1;
				LastSwiftUpdateCheck = 1600;
				LastUpgradeCheck = 1600;
				TargetAttributes = {
					AC14E9A52CBDB85100A347D3 = {
						CreatedOnToolsVersion = 16.0;
					};
					AC14E9B52CBDB85300A347D3 = {
						CreatedOnToolsVersion = 16.0;
						TestTargetID = AC14E9A52CBDB85100A347D3;
					};
					AC14E9BF2CBDB85300A347D3 = {
						CreatedOnToolsVersion = 16.0;
						TestTargetID = AC14E9A52CBDB85100A347D3;
					};
				};
			};
			buildConfigurationList = AC14E9A12CBDB85100A347D3 /* Build configuration list for PBXProject "TriviaGame" */;
			developmentRegion = en;
			hasScannedForEncodings = 0;
			knownRegions = (
				en,
				Base,
			);
			mainGroup = AC14E99D2CBDB85100A347D3;
			minimizedProjectReferenceProxies = 1;
			preferredProjectObjectVersion = 77;
			productRefGroup = AC14E9A72CBDB85100A347D3 /* Products */;
			projectDirPath = "";
			projectRoot = "";
			targets = (
				AC14E9A52CBDB85100A347D3 /* TriviaGame */,
				AC14E9B52CBDB85300A347D3 /* TriviaGameTests */,
				AC14E9BF2CBDB85300A347D3 /* TriviaGameUITests */,
			);
		};
/* End PBXProject section */

/* Begin PBXResourcesBuildPhase section */
		AC14E9A42CBDB85100A347D3 /* Resources */ = {
			isa = PBXResourcesBuildPhase;
			buildActionMask = 2147483647;
			files = (
			);
			runOnlyForDeploymentPostprocessing = 0;
		};
		AC14E9B42CBDB85300A347D3 /* Resources */ = {
			isa = PBXResourcesBuildPhase;
			buildActionMask = 2147483647;
			files = (
			);
			runOnlyForDeploymentPostprocessing = 0;
		};
		AC14E9BE2CBDB85300A347D3 /* Resources */ = {
			isa = PBXResourcesBuildPhase;
			buildActionMask = 2147483647;
			files = (
			);
			runOnlyForDeploymentPostprocessing = 0;
		};
/* End PBXResourcesBuildPhase section */

/* Begin PBXSourcesBuildPhase section */
		AC14E9A22CBDB85100A347D3 /* Sources */ = {
			isa = PBXSourcesBuildPhase;
			buildActionMask = 2147483647;
			files = (
			);
			runOnlyForDeploymentPostprocessing = 0;
		};
		AC14E9B22CBDB85300A347D3 /* Sources */ = {
			isa = PBXSourcesBuildPhase;
			buildActionMask = 2147483647;
			files = (
			);
			runOnlyForDeploymentPostprocessing = 0;
		};
		AC14E9BC2CBDB85300A347D3 /* Sources */ = {
			isa = PBXSourcesBuildPhase;
			buildActionMask = 2147483647;
			files = (
			);
			runOnlyForDeploymentPostprocessing = 0;
		};
/* End PBXSourcesBuildPhase section */

/* Begin PBXTargetDependency section */
		AC14E9B82CBDB85300A347D3 /* PBXTargetDependency */ = {
			isa = PBXTargetDependency;
			target = AC14E9A52CBDB85100A347D3 /* TriviaGame */;
			targetProxy = AC14E9B72CBDB85300A347D3 /* PBXContainerItemProxy */;
		};
		AC14E9C22CBDB85300A347D3 /* PBXTargetDependency */ = {
			isa = PBXTargetDependency;
			target = AC14E9A52CBDB85100A347D3 /* TriviaGame */;
			targetProxy = AC14E9C12CBDB85300A347D3 /* PBXContainerItemProxy */;
		};
/* End PBXTargetDependency section */

/* Begin XCBuildConfiguration section */
		AC14E9C82CBDB85300A347D3 /* Debug */ = {
			isa = XCBuildConfiguration;
			buildSettings = {
				ALWAYS_SEARCH_USER_PATHS = NO;
				ASSETCATALOG_COMPILER_GENERATE_SWIFT_ASSET_SYMBOL_EXTENSIONS = YES;
				CLANG_ANALYZER_NONNULL = YES;
				CLANG_ANALYZER_NUMBER_OBJECT_CONVERSION = YES_AGGRESSIVE;
				CLANG_CXX_LANGUAGE_STANDARD = "gnu++20";
				CLANG_ENABLE_MODULES = YES;
				CLANG_ENABLE_OBJC_ARC = YES;
				CLANG_ENABLE_OBJC_WEAK = YES;
				CLANG_WARN_BLOCK_CAPTURE_AUTORELEASING = YES;
				CLANG_WARN_BOOL_CONVERSION = YES;
				CLANG_WARN_COMMA = YES;
				CLANG_WARN_CONSTANT_CONVERSION = YES;
				CLANG_WARN_DEPRECATED_OBJC_IMPLEMENTATIONS = YES;
				CLANG_WARN_DIRECT_OBJC_ISA_USAGE = YES_ERROR;
				CLANG_WARN_DOCUMENTATION_COMMENTS = YES;
				CLANG_WARN_EMPTY_BODY = YES;
				CLANG_WARN_ENUM_CONVERSION = YES;
				CLANG_WARN_INFINITE_RECURSION = YES;
				CLANG_WARN_INT_CONVERSION = YES;
				CLANG_WARN_NON_LITERAL_NULL_CONVERSION = YES;
				CLANG_WARN_OBJC_IMPLICIT_RETAIN_SELF = YES;
				CLANG_WARN_OBJC_LITERAL_CONVERSION = YES;
				CLANG_WARN_OBJC_ROOT_CLASS = YES_ERROR;
				CLANG_WARN_QUOTED_INCLUDE_IN_FRAMEWORK_HEADER = YES;
				CLANG_WARN_RANGE_LOOP_ANALYSIS = YES;
				CLANG_WARN_STRICT_PROTOTYPES = YES;
				CLANG_WARN_SUSPICIOUS_MOVE = YES;
				CLANG_WARN_UNGUARDED_AVAILABILITY = YES_AGGRESSIVE;
				CLANG_WARN_UNREACHABLE_CODE = YES;
				CLANG_WARN__DUPLICATE_METHOD_MATCH = YES;
				COPY_PHASE_STRIP = NO;
				DEBUG_INFORMATION_FORMAT = dwarf;
				ENABLE_STRICT_OBJC_MSGSEND = YES;
				ENABLE_TESTABILITY = YES;
				ENABLE_USER_SCRIPT_SANDBOXING = YES;
				GCC_C_LANGUAGE_STANDARD = gnu17;
				GCC_DYNAMIC_NO_PIC = NO;
				GCC_NO_COMMON_BLOCKS = YES;
				GCC_OPTIMIZATION_LEVEL = 0;
				GCC_PREPROCESSOR_DEFINITIONS = (
					"DEBUG=1",
					"$(inherited)",
				);
				GCC_WARN_64_TO_32_BIT_CONVERSION = YES;
				GCC_WARN_ABOUT_RETURN_TYPE = YES_ERROR;
				GCC_WARN_UNDECLARED_SELECTOR = YES;
				GCC_WARN_UNINITIALIZED_AUTOS = YES_AGGRESSIVE;
				GCC_WARN_UNUSED_FUNCTION = YES;
				GCC_WARN_UNUSED_VARIABLE = YES;
				IPHONEOS_DEPLOYMENT_TARGET = 18.0;
				LOCALIZATION_PREFERS_STRING_CATALOGS = YES;
				MTL_ENABLE_DEBUG_INFO = INCLUDE_SOURCE;
				MTL_FAST_MATH = YES;
				ONLY_ACTIVE_ARCH = YES;
				SDKROOT = iphoneos;
				SWIFT_ACTIVE_COMPILATION_CONDITIONS = "DEBUG $(inherited)";
				SWIFT_OPTIMIZATION_LEVEL = "-Onone";
			};
			name = Debug;
		};
		AC14E9C92CBDB85300A347D3 /* Release */ = {
			isa = XCBuildConfiguration;
			buildSettings = {
				ALWAYS_SEARCH_USER_PATHS = NO;
				ASSETCATALOG_COMPILER_GENERATE_SWIFT_ASSET_SYMBOL_EXTENSIONS = YES;
				CLANG_ANALYZER_NONNULL = YES;
				CLANG_ANALYZER_NUMBER_OBJECT_CONVERSION = YES_AGGRESSIVE;
				CLANG_CXX_LANGUAGE_STANDARD = "gnu++20";
				CLANG_ENABLE_MODULES = YES;
				CLANG_ENABLE_OBJC_ARC = YES;
				CLANG_ENABLE_OBJC_WEAK = YES;
				CLANG_WARN_BLOCK_CAPTURE_AUTORELEASING = YES;
				CLANG_WARN_BOOL_CONVERSION = YES;
				CLANG_WARN_COMMA = YES;
				CLANG_WARN_CONSTANT_CONVERSION = YES;
				CLANG_WARN_DEPRECATED_OBJC_IMPLEMENTATIONS = YES;
				CLANG_WARN_DIRECT_OBJC_ISA_USAGE = YES_ERROR;
				CLANG_WARN_DOCUMENTATION_COMMENTS = YES;
				CLANG_WARN_EMPTY_BODY = YES;
				CLANG_WARN_ENUM_CONVERSION = YES;
				CLANG_WARN_INFINITE_RECURSION = YES;
				CLANG_WARN_INT_CONVERSION = YES;
				CLANG_WARN_NON_LITERAL_NULL_CONVERSION = YES;
				CLANG_WARN_OBJC_IMPLICIT_RETAIN_SELF = YES;
				CLANG_WARN_OBJC_LITERAL_CONVERSION = YES;
				CLANG_WARN_OBJC_ROOT_CLASS = YES_ERROR;
				CLANG_WARN_QUOTED_INCLUDE_IN_FRAMEWORK_HEADER = YES;
				CLANG_WARN_RANGE_LOOP_ANALYSIS = YES;
				CLANG_WARN_STRICT_PROTOTYPES = YES;
				CLANG_WARN_SUSPICIOUS_MOVE = YES;
				CLANG_WARN_UNGUARDED_AVAILABILITY = YES_AGGRESSIVE;
				CLANG_WARN_UNREACHABLE_CODE = YES;
				CLANG_WARN__DUPLICATE_METHOD_MATCH = YES;
				COPY_PHASE_STRIP = NO;
				DEBUG_INFORMATION_FORMAT = "dwarf-with-dsym";
				ENABLE_NS_ASSERTIONS = NO;
				ENABLE_STRICT_OBJC_MSGSEND = YES;
				ENABLE_USER_SCRIPT_SANDBOXING = YES;
				GCC_C_LANGUAGE_STANDARD = gnu17;
				GCC_NO_COMMON_BLOCKS = YES;
				GCC_WARN_64_TO_32_BIT_CONVERSION = YES;
				GCC_WARN_ABOUT_RETURN_TYPE = YES_ERROR;
				GCC_WARN_UNDECLARED_SELECTOR = YES;
				GCC_WARN_UNINITIALIZED_AUTOS = YES_AGGRESSIVE;
				GCC_WARN_UNUSED_FUNCTION = YES;
				GCC_WARN_UNUSED_VARIABLE = YES;
				IPHONEOS_DEPLOYMENT_TARGET = 18.0;
				LOCALIZATION_PREFERS_STRING_CATALOGS = YES;
				MTL_ENABLE_DEBUG_INFO = NO;
				MTL_FAST_MATH = YES;
				SDKROOT = iphoneos;
				SWIFT_COMPILATION_MODE = wholemodule;
				VALIDATE_PRODUCT = YES;
			};
			name = Release;
		};
		AC14E9CB2CBDB85300A347D3 /* Debug */ = {
			isa = XCBuildConfiguration;
			buildSettings = {
				ASSETCATALOG_COMPILER_APPICON_NAME = AppIcon;
				ASSETCATALOG_COMPILER_GLOBAL_ACCENT_COLOR_NAME = AccentColor;
				CODE_SIGN_STYLE = Automatic;
				CURRENT_PROJECT_VERSION = 1;
				DEVELOPMENT_ASSET_PATHS = "\"TriviaGame/Preview Content\"";
				ENABLE_PREVIEWS = YES;
				GENERATE_INFOPLIST_FILE = YES;
				INFOPLIST_KEY_UIApplicationSceneManifest_Generation = YES;
				INFOPLIST_KEY_UIApplicationSupportsIndirectInputEvents = YES;
				INFOPLIST_KEY_UILaunchScreen_Generation = YES;
				INFOPLIST_KEY_UISupportedInterfaceOrientations_iPad = "UIInterfaceOrientationPortrait UIInterfaceOrientationPortraitUpsideDown UIInterfaceOrientationLandscapeLeft UIInterfaceOrientationLandscapeRight";
				INFOPLIST_KEY_UISupportedInterfaceOrientations_iPhone = "UIInterfaceOrientationPortrait UIInterfaceOrientationLandscapeLeft UIInterfaceOrientationLandscapeRight";
				LD_RUNPATH_SEARCH_PATHS = (
					"$(inherited)",
					"@executable_path/Frameworks",
				);
				MARKETING_VERSION = 1.0;
				PRODUCT_BUNDLE_IDENTIFIER = ios.gc.fiu.edu.TriviaGame;
				PRODUCT_NAME = "$(TARGET_NAME)";
				SWIFT_EMIT_LOC_STRINGS = YES;
				SWIFT_VERSION = 5.0;
				TARGETED_DEVICE_FAMILY = "1,2";
			};
			name = Debug;
		};
		AC14E9CC2CBDB85300A347D3 /* Release */ = {
			isa = XCBuildConfiguration;
			buildSettings = {
				ASSETCATALOG_COMPILER_APPICON_NAME = AppIcon;
				ASSETCATALOG_COMPILER_GLOBAL_ACCENT_COLOR_NAME = AccentColor;
				CODE_SIGN_STYLE = Automatic;
				CURRENT_PROJECT_VERSION = 1;
				DEVELOPMENT_ASSET_PATHS = "\"TriviaGame/Preview Content\"";
				ENABLE_PREVIEWS = YES;
				GENERATE_INFOPLIST_FILE = YES;
				INFOPLIST_KEY_UIApplicationSceneManifest_Generation = YES;
				INFOPLIST_KEY_UIApplicationSupportsIndirectInputEvents = YES;
				INFOPLIST_KEY_UILaunchScreen_Generation = YES;
				INFOPLIST_KEY_UISupportedInterfaceOrientations_iPad = "UIInterfaceOrientationPortrait UIInterfaceOrientationPortraitUpsideDown UIInterfaceOrientationLandscapeLeft UIInterfaceOrientationLandscapeRight";
				INFOPLIST_KEY_UISupportedInterfaceOrientations_iPhone = "UIInterfaceOrientationPortrait UIInterfaceOrientationLandscapeLeft UIInterfaceOrientationLandscapeRight";
				LD_RUNPATH_SEARCH_PATHS = (
					"$(inherited)",
					"@executable_path/Frameworks",
				);
				MARKETING_VERSION = 1.0;
				PRODUCT_BUNDLE_IDENTIFIER = ios.gc.fiu.edu.TriviaGame;
				PRODUCT_NAME = "$(TARGET_NAME)";
				SWIFT_EMIT_LOC_STRINGS = YES;
				SWIFT_VERSION = 5.0;
				TARGETED_DEVICE_FAMILY = "1,2";
			};
			name = Release;
		};
		AC14E9CE2CBDB85300A347D3 /* Debug */ = {
			isa = XCBuildConfiguration;
			buildSettings = {
				BUNDLE_LOADER = "$(TEST_HOST)";
				CODE_SIGN_STYLE = Automatic;
				CURRENT_PROJECT_VERSION = 1;
				GENERATE_INFOPLIST_FILE = YES;
				IPHONEOS_DEPLOYMENT_TARGET = 18.0;
				MARKETING_VERSION = 1.0;
				PRODUCT_BUNDLE_IDENTIFIER = ios.gc.fiu.edu.TriviaGameTests;
				PRODUCT_NAME = "$(TARGET_NAME)";
				SWIFT_EMIT_LOC_STRINGS = NO;
				SWIFT_VERSION = 5.0;
				TARGETED_DEVICE_FAMILY = "1,2";
				TEST_HOST = "$(BUILT_PRODUCTS_DIR)/TriviaGame.app/$(BUNDLE_EXECUTABLE_FOLDER_PATH)/TriviaGame";
			};
			name = Debug;
		};
		AC14E9CF2CBDB85300A347D3 /* Release */ = {
			isa = XCBuildConfiguration;
			buildSettings = {
				BUNDLE_LOADER = "$(TEST_HOST)";
				CODE_SIGN_STYLE = Automatic;
				CURRENT_PROJECT_VERSION = 1;
				GENERATE_INFOPLIST_FILE = YES;
				IPHONEOS_DEPLOYMENT_TARGET = 18.0;
				MARKETING_VERSION = 1.0;
				PRODUCT_BUNDLE_IDENTIFIER = ios.gc.fiu.edu.TriviaGameTests;
				PRODUCT_NAME = "$(TARGET_NAME)";
				SWIFT_EMIT_LOC_STRINGS = NO;
				SWIFT_VERSION = 5.0;
				TARGETED_DEVICE_FAMILY = "1,2";
				TEST_HOST = "$(BUILT_PRODUCTS_DIR)/TriviaGame.app/$(BUNDLE_EXECUTABLE_FOLDER_PATH)/TriviaGame";
			};
			name = Release;
		};
		AC14E9D12CBDB85300A347D3 /* Debug */ = {
			isa = XCBuildConfiguration;
			buildSettings = {
				CODE_SIGN_STYLE = Automatic;
				CURRENT_PROJECT_VERSION = 1;
				GENERATE_INFOPLIST_FILE = YES;
				MARKETING_VERSION = 1.0;
				PRODUCT_BUNDLE_IDENTIFIER = ios.gc.fiu.edu.TriviaGameUITests;
				PRODUCT_NAME = "$(TARGET_NAME)";
				SWIFT_EMIT_LOC_STRINGS = NO;
				SWIFT_VERSION = 5.0;
				TARGETED_DEVICE_FAMILY = "1,2";
				TEST_TARGET_NAME = TriviaGame;
			};
			name = Debug;
		};
		AC14E9D22CBDB85300A347D3 /* Release */ = {
			isa = XCBuildConfiguration;
			buildSettings = {
				CODE_SIGN_STYLE = Automatic;
				CURRENT_PROJECT_VERSION = 1;
				GENERATE_INFOPLIST_FILE = YES;
				MARKETING_VERSION = 1.0;
				PRODUCT_BUNDLE_IDENTIFIER = ios.gc.fiu.edu.TriviaGameUITests;
				PRODUCT_NAME = "$(TARGET_NAME)";
				SWIFT_EMIT_LOC_STRINGS = NO;
				SWIFT_VERSION = 5.0;
				TARGETED_DEVICE_FAMILY = "1,2";
				TEST_TARGET_NAME = TriviaGame;
			};
			name = Release;
		};
/* End XCBuildConfiguration section */

/* Begin XCConfigurationList section */
		AC14E9A12CBDB85100A347D3 /* Build configuration list for PBXProject "TriviaGame" */ = {
			isa = XCConfigurationList;
			buildConfigurations = (
				AC14E9C82CBDB85300A347D3 /* Debug */,
				AC14E9C92CBDB85300A347D3 /* Release */,
			);
			defaultConfigurationIsVisible = 0;
			defaultConfigurationName = Release;
		};
		AC14E9CA2CBDB85300A347D3 /* Build configuration list for PBXNativeTarget "TriviaGame" */ = {
			isa = XCConfigurationList;
			buildConfigurations = (
				AC14E9CB2CBDB85300A347D3 /* Debug */,
				AC14E9CC2CBDB85300A347D3 /* Release */,
			);
			defaultConfigurationIsVisible = 0;
			defaultConfigurationName = Release;
		};
		AC14E9CD2CBDB85300A347D3 /* Build configuration list for PBXNativeTarget "TriviaGameTests" */ = {
			isa = XCConfigurationList;
			buildConfigurations = (
				AC14E9CE2CBDB85300A347D3 /* Debug */,
				AC14E9CF2CBDB85300A347D3 /* Release */,
			);
			defaultConfigurationIsVisible = 0;
			defaultConfigurationName = Release;
		};
		AC14E9D02CBDB85300A347D3 /* Build configuration list for PBXNativeTarget "TriviaGameUITests" */ = {
			isa = XCConfigurationList;
			buildConfigurations = (
				AC14E9D12CBDB85300A347D3 /* Debug */,
				AC14E9D22CBDB85300A347D3 /* Release */,
			);
			defaultConfigurationIsVisible = 0;
			defaultConfigurationName = Release;
		};
/* End XCConfigurationList section */
	};
	rootObject = AC14E99E2CBDB85100A347D3 /* Project object */;
}
